
Microsoft Visual Studio Solution File, Format Version 12.00
# Visual Studio Version 18
VisualStudioVersion = 18.1.11312.151 d18.0
MinimumVisualStudioVersion = 10.0.40219.1
Project("{FAE04EC0-301F-11D3-BF4B-00C04F79EFBC}") = "EstudosJson", "EstudosJson.csproj", "{528FBA7D-76B3-7637-1FC1-FB382FA7D0B0}"
EndProject
Global
	GlobalSection(SolutionConfigurationPlatforms) = preSolution
		Debug|Any CPU = Debug|Any CPU
		Release|Any CPU = Release|Any CPU
	EndGlobalSection
	GlobalSection(ProjectConfigurationPlatforms) = postSolution
		{528FBA7D-76B3-7637-1FC1-FB382FA7D0B0}.Debug|Any CPU.ActiveCfg = Debug|Any CPU
		{528FBA7D-76B3-7637-1FC1-FB382FA7D0B0}.Debug|Any CPU.Build.0 = Debug|Any CPU
		{528FBA7D-76B3-7637-1FC1-FB382FA7D0B0}.Release|Any CPU.ActiveCfg = Release|Any CPU
		{528FBA7D-76B3-7637-1FC1-FB382FA7D0B0}.Release|Any CPU.Build.0 = Release|Any CPU
	EndGlobalSection
	GlobalSection(SolutionProperties) = preSolution
		HideSolutionNode = FALSE
	EndGlobalSection
	GlobalSection(ExtensibilityGlobals) = postSolution
		SolutionGuid = {BC7EF624-2579-4DFE-BD96-7734684958FF}
	EndGlobalSection
EndGlobal
